// !$*UTF8*$!
{
	archiveVersion = 1;
	classes = {
	};
	objectVersion = 46;
	objects = {
		9F34250B13173AFEEEE90253 = {
			isa = PBXBuildFile;
			fileRef = D8B62AC12FB62E1AF3005AF1;
		};
		C769FD0FE3F6C4BD7D8932E6 = {
			isa = PBXBuildFile;
			fileRef = 2EF78E9D3E5E5C123E3D0D57;
		};
		7957B76F369D1E36A419FB03 = {
			isa = PBXBuildFile;
			fileRef = B1369EAF63185CEAC4F1526E;
		};
		C39645E6EAC4AD73F70009B8 = {
			isa = PBXBuildFile;
			fileRef = 3C86D69BD422844BAF8572AC;
		};
		037B3D3D8F4D02239BBC2B95 = {
			isa = PBXBuildFile;
			fileRef = AB0E23AB95C24FA24C33621D;
		};
		14FE6C05F1BF04F05E215260 = {
			isa = PBXBuildFile;
			fileRef = E3050E9BB02BE794F3271D17;
		};
		9FE79FE45AAE010BC0E233AC = {
			isa = PBXBuildFile;
			fileRef = 267FDE76C3AD8B2CBB56B234;
		};
		AC60B396A4DA606590789573 = {
			isa = PBXBuildFile;
			fileRef = 47885F890958D453D1685BA4;
		};
		7878689D62624F00922EC69E = {
			isa = PBXBuildFile;
			fileRef = 57CAF5BC921EC623D023276E;
		};
		8D076A7AA68D62DCE17C5CB8 = {
			isa = PBXBuildFile;
			fileRef = 9DA8A6719C9228972A8DAB0F;
		};
		B1F91D1C49418E1F1E7AACEC = {
			isa = PBXBuildFile;
			fileRef = 0025B16F1BE78A99DD5C2A37;
		};
		EBD14151AF53199E29EDC09A = {
			isa = PBXBuildFile;
			fileRef = CFFD0F359639164ECD77420C;
		};
		1319EB2DB46A11ABD62606B7 = {
			isa = PBXBuildFile;
			fileRef = 79448E9175BF140E0E00E3D7;
		};
		F99FE05AF5110ABEE9684FC3 = {
			isa = PBXBuildFile;
			fileRef = 618DA638D61271E35EF17E49;
		};
		BB18F559822EE5AA9DC4A682 = {
			isa = PBXBuildFile;
			fileRef = 1E575946871BF6AE7074B3CA;
		};
		FB9C8F249255F03AD19E82F7 = {
			isa = PBXBuildFile;
			fileRef = 093A45C9CF39E11031A051AB;
		};
		87004B29486729A2B863CF21 = {
			isa = PBXBuildFile;
			fileRef = FF50C8C66C3E5A7B66C05F7A;
		};
		E225DA80F1D250F5822CB6C7 = {
			isa = PBXBuildFile;
			fileRef = 4EE8D80B77F1E37B868B7C57;
		};
		4E6083C1F100852FA0977AE8 = {
			isa = PBXBuildFile;
			fileRef = 5268014F8DD86F5408898223;
		};
		87B9D2B278FDCFFF9D51562E = {
			isa = PBXBuildFile;
			fileRef = 307AD32103C8F644554BDFD7;
		};
		7DC2BB61CEB0315F4E0E508B = {
			isa = PBXBuildFile;
			fileRef = C29422CAB46A89FDFBA3292F;
		};
		A40D71DB644292AEC2C8EBEE = {
			isa = PBXBuildFile;
			fileRef = B896C1419D74B1642BE40247;
		};
		A946541D224DDB7B277D97C8 = {
			isa = PBXBuildFile;
			fileRef = 35E6BC0BB255F69108C9BDEA;
		};
		AF7E6249BF6077CE3B42152F = {
			isa = PBXBuildFile;
			fileRef = 14A4447D85856C7CC503EC7C;
		};
		88640B98183FC331EE287656 = {
			isa = PBXBuildFile;
			fileRef = 41A6407507EC8017C2DF7E3C;
		};
		536201F8D6101EF659F15F11 = {
			isa = PBXBuildFile;
			fileRef = E1AE2211F0323F75A8F99C7C;
		};
		3C5296DF476CE5C0436B2F02 = {
			isa = PBXBuildFile;
			fileRef = 10C4CC49FD832E6C1E6A0212;
		};
		92713A84013D770BE2501190 = {
			isa = PBXBuildFile;
			fileRef = 47D7763D2AD6CEFCAC552D1B;
		};
		97DD164A0CB5D22D059E8721 = {
			isa = PBXBuildFile;
			fileRef = BFFBCDF43A32D64D751F3DAC;
		};
		7DEFDC95525F4CBD6C113342 = {
			isa = PBXBuildFile;
			fileRef = D56BC469F4061510C97FFC20;
		};
		91F4058C3592A5DE2AE0D0CD = {
			isa = PBXBuildFile;
			fileRef = B806D649D624E601F04E6EDD;
		};
		02321C337F501F3DE94737B8 = {
			isa = PBXBuildFile;
			fileRef = 1C8FAEBFAC2EC702621574FE;
		};
		A00745C1C327D90346353980 = {
			isa = PBXBuildFile;
			fileRef = DA36D476F6357C2325E84AD5;
		};
		9AB229136BD928BD09939B7A = {
			isa = PBXBuildFile;
			fileRef = D4A258BC9B3568EED74A81D2;
		};
		ED39D7478DADF880A271A28C = {
			isa = PBXBuildFile;
			fileRef = 380C200310C9D195204AEBE9;
		};
		B1AEF1D3642AB9DF0677911C = {
			isa = PBXBuildFile;
			fileRef = 72EC9D30474E4AFE4CD212EF;
		};
		B6BD0ED70DF6EC8EF91B8D2D = {
			isa = PBXBuildFile;
			fileRef = BBBE8E617EA5A4F4243C8625;
		};
		FA496F236D7510680EE19504 = {
			isa = PBXBuildFile;
			fileRef = BDC50894E2813550E19F06FF;
		};
		BF4D97C3BD19323AF306E2F6 = {
			isa = PBXBuildFile;
			fileRef = 620B6915F14DF942AEFAD2C6;
		};
		D890FBABDEE2E9F3A9621AA7 = {
			isa = PBXBuildFile;
			fileRef = B66F98ED651A430AF917C438;
		};
		0025B16F1BE78A99DD5C2A37 = {
			isa = PBXFileReference;
			lastKnownFileType = wrapper.framework;
			name = CoreAudioKit.framework;
			path = System/Library/Frameworks/CoreAudioKit.framework;
			sourceTree = SDKROOT;
		};
		0416EB62EAF2DF4302336EC7 = {
			isa = PBXFileReference;
			lastKnownFileType = file;
			name = "juce_audio_formats";
			path = "/Applications/JUCE/modules/juce_audio_formats";
			sourceTree = "<absolute>";
		};
		069E214C3AEC073B82635AA8 = {
			isa = PBXFileReference;
			lastKnownFileType = sourcecode.c.h;
			name = PluginEditor.h;
			path = ../../Source/PluginEditor.h;
			sourceTree = "SOURCE_ROOT";
		};
		093A45C9CF39E11031A051AB = {
			isa = PBXFileReference;
			lastKnownFileType = wrapper.framework;
			name = QuartzCore.framework;
			path = System/Library/Frameworks/QuartzCore.framework;
			sourceTree = SDKROOT;
		};
		10C4CC49FD832E6C1E6A0212 = {
			isa = PBXFileReference;
			lastKnownFileType = sourcecode.cpp.cpp;
			name = "include_juce_audio_plugin_client_Standalone.cpp";
			path = "../../JuceLibraryCode/include_juce_audio_plugin_client_Standalone.cpp";
			sourceTree = "SOURCE_ROOT";
		};
		14A4447D85856C7CC503EC7C = {
			isa = PBXFileReference;
			lastKnownFileType = file.r;
			name = "include_juce_audio_plugin_client_AU.r";
			path = "../../JuceLibraryCode/include_juce_audio_plugin_client_AU.r";
			sourceTree = "SOURCE_ROOT";
		};
		1C8FAEBFAC2EC702621574FE = {
			isa = PBXFileReference;
			lastKnownFileType = sourcecode.cpp.objcpp;
			name = "include_juce_audio_utils.mm";
			path = "../../JuceLibraryCode/include_juce_audio_utils.mm";
			sourceTree = "SOURCE_ROOT";
		};
		1E575946871BF6AE7074B3CA = {
			isa = PBXFileReference;
			lastKnownFileType = wrapper.framework;
			name = OpenGL.framework;
			path = System/Library/Frameworks/OpenGL.framework;
			sourceTree = SDKROOT;
		};
		267FDE76C3AD8B2CBB56B234 = {
			isa = PBXFileReference;
			lastKnownFileType = wrapper.framework;
			name = AudioUnit.framework;
			path = System/Library/Frameworks/AudioUnit.framework;
			sourceTree = SDKROOT;
		};
		271D30883EC62DBA057318F0 = {
			isa = PBXFileReference;
			lastKnownFileType = sourcecode.c.h;
			name = PluginProcessor.h;
			path = ../../Source/PluginProcessor.h;
			sourceTree = "SOURCE_ROOT";
		};
		35E6BC0BB255F69108C9BDEA = {
			isa = PBXFileReference;
			lastKnownFileType = sourcecode.cpp.objcpp;
			name = "include_juce_audio_formats.mm";
			path = "../../JuceLibraryCode/include_juce_audio_formats.mm";
			sourceTree = "SOURCE_ROOT";
		};
		380C200310C9D195204AEBE9 = {
			isa = PBXFileReference;
			lastKnownFileType = sourcecode.cpp.objcpp;
			name = "include_juce_data_structures.mm";
			path = "../../JuceLibraryCode/include_juce_data_structures.mm";
			sourceTree = "SOURCE_ROOT";
		};
		41A6407507EC8017C2DF7E3C = {
			isa = PBXFileReference;
			lastKnownFileType = sourcecode.cpp.objcpp;
			name = "include_juce_audio_plugin_client_AU_1.mm";
			path = "../../JuceLibraryCode/include_juce_audio_plugin_client_AU_1.mm";
			sourceTree = "SOURCE_ROOT";
		};
		426F8AC726EDD621341EDC78 = {
			isa = PBXFileReference;
			lastKnownFileType = file;
			name = "juce_gui_basics";
			path = "/Applications/JUCE/modules/juce_gui_basics";
			sourceTree = "<absolute>";
		};
		47885F890958D453D1685BA4 = {
			isa = PBXFileReference;
			lastKnownFileType = wrapper.framework;
			name = Carbon.framework;
			path = System/Library/Frameworks/Carbon.framework;
			sourceTree = SDKROOT;
		};
		47D7763D2AD6CEFCAC552D1B = {
			isa = PBXFileReference;
			lastKnownFileType = sourcecode.cpp.cpp;
			name = "include_juce_audio_plugin_client_utils.cpp";
			path = "../../JuceLibraryCode/include_juce_audio_plugin_client_utils.cpp";
			sourceTree = "SOURCE_ROOT";
		};
		4EE8D80B77F1E37B868B7C57 = {
			isa = PBXFileReference;
			lastKnownFileType = file.nib;
			name = RecentFilesMenuTemplate.nib;
			path = RecentFilesMenuTemplate.nib;
			sourceTree = "SOURCE_ROOT";
		};
		5268014F8DD86F5408898223 = {
			isa = PBXFileReference;
			lastKnownFileType = sourcecode.cpp.cpp;
			name = PluginProcessor.cpp;
			path = ../../Source/PluginProcessor.cpp;
			sourceTree = "SOURCE_ROOT";
		};
		5450758E70AA58914E9DCFF0 = {
			isa = PBXFileReference;
			lastKnownFileType = sourcecode.c.h;
			name = JuceHeader.h;
			path = ../../JuceLibraryCode/JuceHeader.h;
			sourceTree = "SOURCE_ROOT";
		};
		57CAF5BC921EC623D023276E = {
			isa = PBXFileReference;
			lastKnownFileType = wrapper.framework;
			name = Cocoa.framework;
			path = System/Library/Frameworks/Cocoa.framework;
			sourceTree = SDKROOT;
		};
		5A5C8B38D791A4925DE9AA68 = {
			isa = PBXFileReference;
			lastKnownFileType = text.plist.xml;
			name = "rorschach_synth.entitlements";
			path = "rorschach_synth.entitlements";
			sourceTree = "SOURCE_ROOT";
		};
		5F828F89790AC8C00783F137 = {
			isa = PBXFileReference;
			lastKnownFileType = file;
			name = "juce_graphics";
			path = "/Applications/JUCE/modules/juce_graphics";
			sourceTree = "<absolute>";
		};
		620B6915F14DF942AEFAD2C6 = {
			isa = PBXFileReference;
			lastKnownFileType = sourcecode.cpp.objcpp;
			name = "include_juce_gui_extra.mm";
			path = "../../JuceLibraryCode/include_juce_gui_extra.mm";
			sourceTree = "SOURCE_ROOT";
		};
		72EC9D30474E4AFE4CD212EF = {
			isa = PBXFileReference;
			lastKnownFileType = sourcecode.cpp.objcpp;
			name = "include_juce_events.mm";
			path = "../../JuceLibraryCode/include_juce_events.mm";
			sourceTree = "SOURCE_ROOT";
		};
		79448E9175BF140E0E00E3D7 = {
			isa = PBXFileReference;
			lastKnownFileType = wrapper.framework;
			name = DiscRecording.framework;
			path = System/Library/Frameworks/DiscRecording.framework;
			sourceTree = SDKROOT;
		};
		D8B62AC12FB62E1AF3005AF1 = {
			isa = PBXFileReference;
			explicitFileType = wrapper.cfbundle;
			includeInIndex = 0;
			path = "rorschach_synth.vst3";
			sourceTree = "BUILT_PRODUCTS_DIR";
		};
		2EF78E9D3E5E5C123E3D0D57 = {
			isa = PBXFileReference;
			explicitFileType = wrapper.cfbundle;
			includeInIndex = 0;
			path = "rorschach_synth.component";
			sourceTree = "BUILT_PRODUCTS_DIR";
		};
		307AD32103C8F644554BDFD7 = {
			isa = PBXFileReference;
			lastKnownFileType = sourcecode.cpp.cpp;
			name = PluginEditor.cpp;
			path = ../../Source/PluginEditor.cpp;
			sourceTree = "SOURCE_ROOT";
		};
		531213022D2247A678FF491D = {
			isa = PBXFileReference;
			lastKnownFileType = file;
			name = "juce_audio_devices";
			path = "/Applications/JUCE/modules/juce_audio_devices";
			sourceTree = "<absolute>";
		};
		618DA638D61271E35EF17E49 = {
			isa = PBXFileReference;
			lastKnownFileType = wrapper.framework;
			name = IOKit.framework;
			path = System/Library/Frameworks/IOKit.framework;
			sourceTree = SDKROOT;
		};
		88E18B568F76FF6D545F08EA = {
			isa = PBXFileReference;
			lastKnownFileType = file;
			name = "juce_audio_utils";
			path = "/Applications/JUCE/modules/juce_audio_utils";
			sourceTree = "<absolute>";
		};
		89DFAD16D00B12B9DE5EBDA4 = {
			isa = PBXFileReference;
			lastKnownFileType = file;
			name = "juce_audio_plugin_client";
			path = "/Applications/JUCE/modules/juce_audio_plugin_client";
			sourceTree = "<absolute>";
		};
		8C403FEB6B211B5E64D5E7A5 = {
			isa = PBXFileReference;
			lastKnownFileType = file;
			name = "juce_audio_basics";
			path = "/Applications/JUCE/modules/juce_audio_basics";
			sourceTree = "<absolute>";
		};
		9DA8A6719C9228972A8DAB0F = {
			isa = PBXFileReference;
			lastKnownFileType = wrapper.framework;
			name = CoreAudio.framework;
			path = System/Library/Frameworks/CoreAudio.framework;
			sourceTree = SDKROOT;
		};
		9EFC09E1D396FBD1DB771E0A = {
			isa = PBXFileReference;
			lastKnownFileType = file;
			name = "juce_audio_processors";
			path = "/Applications/JUCE/modules/juce_audio_processors";
			sourceTree = "<absolute>";
		};
		A2E06ACAB37DDDFCD0576E0A = {
			isa = PBXFileReference;
			lastKnownFileType = text.plist.xml;
			name = "Info-VST3.plist";
			path = "Info-VST3.plist";
			sourceTree = "SOURCE_ROOT";
		};
		AB0E23AB95C24FA24C33621D = {
			isa = PBXFileReference;
			lastKnownFileType = wrapper.framework;
			name = Accelerate.framework;
			path = System/Library/Frameworks/Accelerate.framework;
			sourceTree = SDKROOT;
		};
		B1369EAF63185CEAC4F1526E = {
			isa = PBXFileReference;
			explicitFileType = wrapper.application;
			includeInIndex = 0;
			path = "rorschach_synth.app";
			sourceTree = "BUILT_PRODUCTS_DIR";
		};
		3C86D69BD422844BAF8572AC = {
			isa = PBXFileReference;
			explicitFileType = archive.ar;
			includeInIndex = 0;
			path = "librorschach_synth.a";
			sourceTree = "BUILT_PRODUCTS_DIR";
		};
		724299396088668ECAF31AB6 = {
			isa = PBXFileReference;
			lastKnownFileType = file;
			name = "juce_events";
			path = "/Applications/JUCE/modules/juce_events";
			sourceTree = "<absolute>";
		};
		AA2F9DC63DB6D3B82F0FECA1 = {
			isa = PBXFileReference;
			lastKnownFileType = text.plist.xml;
			name = "Info-Standalone_Plugin.plist";
			path = "Info-Standalone_Plugin.plist";
			sourceTree = "SOURCE_ROOT";
		};
		B66F98ED651A430AF917C438 = {
			isa = PBXFileReference;
			lastKnownFileType = sourcecode.cpp.objcpp;
			name = "include_juce_opengl.mm";
			path = "../../JuceLibraryCode/include_juce_opengl.mm";
			sourceTree = "SOURCE_ROOT";
		};
		B806D649D624E601F04E6EDD = {
			isa = PBXFileReference;
			lastKnownFileType = sourcecode.cpp.objcpp;
			name = "include_juce_audio_processors.mm";
			path = "../../JuceLibraryCode/include_juce_audio_processors.mm";
			sourceTree = "SOURCE_ROOT";
		};
		B896C1419D74B1642BE40247 = {
			isa = PBXFileReference;
			lastKnownFileType = sourcecode.cpp.objcpp;
			name = "include_juce_audio_devices.mm";
			path = "../../JuceLibraryCode/include_juce_audio_devices.mm";
			sourceTree = "SOURCE_ROOT";
		};
		BBBE8E617EA5A4F4243C8625 = {
			isa = PBXFileReference;
			lastKnownFileType = sourcecode.cpp.objcpp;
			name = "include_juce_graphics.mm";
			path = "../../JuceLibraryCode/include_juce_graphics.mm";
			sourceTree = "SOURCE_ROOT";
		};
		BDC50894E2813550E19F06FF = {
			isa = PBXFileReference;
			lastKnownFileType = sourcecode.cpp.objcpp;
			name = "include_juce_gui_basics.mm";
			path = "../../JuceLibraryCode/include_juce_gui_basics.mm";
			sourceTree = "SOURCE_ROOT";
		};
		BFFBCDF43A32D64D751F3DAC = {
			isa = PBXFileReference;
			lastKnownFileType = sourcecode.cpp.objcpp;
			name = "include_juce_audio_plugin_client_VST_utils.mm";
			path = "../../JuceLibraryCode/include_juce_audio_plugin_client_VST_utils.mm";
			sourceTree = "SOURCE_ROOT";
		};
		C29422CAB46A89FDFBA3292F = {
			isa = PBXFileReference;
			lastKnownFileType = sourcecode.cpp.objcpp;
			name = "include_juce_audio_basics.mm";
			path = "../../JuceLibraryCode/include_juce_audio_basics.mm";
			sourceTree = "SOURCE_ROOT";
		};
		CE52F959374CDD8EE9B5DB7A = {
			isa = PBXFileReference;
			lastKnownFileType = file;
			name = "juce_core";
			path = "/Applications/JUCE/modules/juce_core";
			sourceTree = "<absolute>";
		};
		CFFD0F359639164ECD77420C = {
			isa = PBXFileReference;
			lastKnownFileType = wrapper.framework;
			name = CoreMIDI.framework;
			path = System/Library/Frameworks/CoreMIDI.framework;
			sourceTree = SDKROOT;
		};
		D4A258BC9B3568EED74A81D2 = {
			isa = PBXFileReference;
			lastKnownFileType = sourcecode.cpp.objcpp;
			name = "include_juce_cryptography.mm";
			path = "../../JuceLibraryCode/include_juce_cryptography.mm";
			sourceTree = "SOURCE_ROOT";
		};
		D56BC469F4061510C97FFC20 = {
			isa = PBXFileReference;
			lastKnownFileType = sourcecode.cpp.cpp;
			name = "include_juce_audio_plugin_client_VST3.cpp";
			path = "../../JuceLibraryCode/include_juce_audio_plugin_client_VST3.cpp";
			sourceTree = "SOURCE_ROOT";
		};
		DA36D476F6357C2325E84AD5 = {
			isa = PBXFileReference;
			lastKnownFileType = sourcecode.cpp.objcpp;
			name = "include_juce_core.mm";
			path = "../../JuceLibraryCode/include_juce_core.mm";
			sourceTree = "SOURCE_ROOT";
		};
		DE137AF133F78668A4E3A5BF = {
			isa = PBXFileReference;
			lastKnownFileType = text.plist.xml;
			name = "Info-AU.plist";
			path = "Info-AU.plist";
			sourceTree = "SOURCE_ROOT";
		};
		E1AE2211F0323F75A8F99C7C = {
			isa = PBXFileReference;
			lastKnownFileType = sourcecode.cpp.objcpp;
			name = "include_juce_audio_plugin_client_AU_2.mm";
			path = "../../JuceLibraryCode/include_juce_audio_plugin_client_AU_2.mm";
			sourceTree = "SOURCE_ROOT";
		};
		E2DB39D5C556A61D2F217567 = {
			isa = PBXFileReference;
			lastKnownFileType = sourcecode.c.h;
			name = AppConfig.h;
			path = ../../JuceLibraryCode/AppConfig.h;
			sourceTree = "SOURCE_ROOT";
		};
		E3050E9BB02BE794F3271D17 = {
			isa = PBXFileReference;
			lastKnownFileType = wrapper.framework;
			name = AudioToolbox.framework;
			path = System/Library/Frameworks/AudioToolbox.framework;
			sourceTree = SDKROOT;
		};
		E4C9D4B6150D0DEF5C7D0E10 = {
			isa = PBXFileReference;
			lastKnownFileType = file;
			name = "juce_cryptography";
			path = "/Applications/JUCE/modules/juce_cryptography";
			sourceTree = "<absolute>";
		};
		E9577A5AC26A914FE27C7886 = {
			isa = PBXFileReference;
			lastKnownFileType = file;
			name = "juce_data_structures";
			path = "/Applications/JUCE/modules/juce_data_structures";
			sourceTree = "<absolute>";
		};
		EDC69CF9301ECDB8523B9666 = {
			isa = PBXFileReference;
			lastKnownFileType = file;
			name = "juce_opengl";
			path = "/Applications/JUCE/modules/juce_opengl";
			sourceTree = "<absolute>";
		};
		FEB8D3F34BABF80A923AF999 = {
			isa = PBXFileReference;
			lastKnownFileType = file;
			name = "juce_gui_extra";
			path = "/Applications/JUCE/modules/juce_gui_extra";
			sourceTree = "<absolute>";
		};
		FF50C8C66C3E5A7B66C05F7A = {
			isa = PBXFileReference;
			lastKnownFileType = wrapper.framework;
			name = WebKit.framework;
			path = System/Library/Frameworks/WebKit.framework;
			sourceTree = SDKROOT;
		};
		0441132F54E55AFE48E3AFB9 = {
			isa = PBXGroup;
			children = (
				5268014F8DD86F5408898223,
				271D30883EC62DBA057318F0,
				307AD32103C8F644554BDFD7,
				069E214C3AEC073B82635AA8,
			);
			name = Source;
			sourceTree = "<group>";
		};
		7FA4501DBAA296CBEF6B1604 = {
			isa = PBXGroup;
			children = (
				0441132F54E55AFE48E3AFB9,
			);
			name = "rorschach_synth";
			sourceTree = "<group>";
		};
		934F0E82F877298D1B198233 = {
			isa = PBXGroup;
			children = (
				8C403FEB6B211B5E64D5E7A5,
				531213022D2247A678FF491D,
				0416EB62EAF2DF4302336EC7,
				89DFAD16D00B12B9DE5EBDA4,
				9EFC09E1D396FBD1DB771E0A,
				88E18B568F76FF6D545F08EA,
				CE52F959374CDD8EE9B5DB7A,
				E4C9D4B6150D0DEF5C7D0E10,
				E9577A5AC26A914FE27C7886,
				724299396088668ECAF31AB6,
				5F828F89790AC8C00783F137,
				426F8AC726EDD621341EDC78,
				FEB8D3F34BABF80A923AF999,
				EDC69CF9301ECDB8523B9666,
			);
			name = "JUCE Modules";
			sourceTree = "<group>";
		};
		C14A1EF4276EE07C500D12BB = {
			isa = PBXGroup;
			children = (
				E2DB39D5C556A61D2F217567,
				C29422CAB46A89FDFBA3292F,
				B896C1419D74B1642BE40247,
				35E6BC0BB255F69108C9BDEA,
				14A4447D85856C7CC503EC7C,
				41A6407507EC8017C2DF7E3C,
				E1AE2211F0323F75A8F99C7C,
				10C4CC49FD832E6C1E6A0212,
				47D7763D2AD6CEFCAC552D1B,
				BFFBCDF43A32D64D751F3DAC,
				D56BC469F4061510C97FFC20,
				B806D649D624E601F04E6EDD,
				1C8FAEBFAC2EC702621574FE,
				DA36D476F6357C2325E84AD5,
				D4A258BC9B3568EED74A81D2,
				380C200310C9D195204AEBE9,
				72EC9D30474E4AFE4CD212EF,
				BBBE8E617EA5A4F4243C8625,
				BDC50894E2813550E19F06FF,
				620B6915F14DF942AEFAD2C6,
				B66F98ED651A430AF917C438,
				5450758E70AA58914E9DCFF0,
			);
			name = "JUCE Library Code";
			sourceTree = "<group>";
		};
		8F3039B63122144308F1D068 = {
			isa = PBXGroup;
			children = (
				A2E06ACAB37DDDFCD0576E0A,
				DE137AF133F78668A4E3A5BF,
				AA2F9DC63DB6D3B82F0FECA1,
				4EE8D80B77F1E37B868B7C57,
			);
			name = Resources;
			sourceTree = "<group>";
		};
		BDCBC6BEEF4EE4E1AD13A149 = {
			isa = PBXGroup;
			children = (
				AB0E23AB95C24FA24C33621D,
				E3050E9BB02BE794F3271D17,
				267FDE76C3AD8B2CBB56B234,
				47885F890958D453D1685BA4,
				57CAF5BC921EC623D023276E,
				9DA8A6719C9228972A8DAB0F,
				0025B16F1BE78A99DD5C2A37,
				CFFD0F359639164ECD77420C,
				79448E9175BF140E0E00E3D7,
				618DA638D61271E35EF17E49,
				1E575946871BF6AE7074B3CA,
				093A45C9CF39E11031A051AB,
				FF50C8C66C3E5A7B66C05F7A,
			);
			name = Frameworks;
			sourceTree = "<group>";
		};
		C5ED44190E11771A1F56DA7F = {
			isa = PBXGroup;
			children = (
				D8B62AC12FB62E1AF3005AF1,
				2EF78E9D3E5E5C123E3D0D57,
				B1369EAF63185CEAC4F1526E,
				3C86D69BD422844BAF8572AC,
			);
			name = Products;
			sourceTree = "<group>";
		};
		A7AAE14603F0AAD9C1291AF6 = {
			isa = PBXGroup;
			children = (
				7FA4501DBAA296CBEF6B1604,
				934F0E82F877298D1B198233,
				C14A1EF4276EE07C500D12BB,
				8F3039B63122144308F1D068,
				BDCBC6BEEF4EE4E1AD13A149,
				C5ED44190E11771A1F56DA7F,
			);
			name = Source;
			sourceTree = "<group>";
		};
		CF48D2E06FB27438486EA41A = {
			isa = XCBuildConfiguration;
			buildSettings = {
				MACOSX_DEPLOYMENT_TARGET = 10.11;
			};
			name = Debug;
		};
		0B47DE8C4CCB7605A0613628 = {
			isa = XCBuildConfiguration;
			buildSettings = {
				MACOSX_DEPLOYMENT_TARGET = 10.11;
			};
			name = Release;
		};
		1DBB1008F169CFB61A461577 = {
			isa = XCBuildConfiguration;
			buildSettings = {
				CLANG_CXX_LANGUAGE_STANDARD = "c++14";
				CLANG_CXX_LIBRARY = "libc++";
				CLANG_LINK_OBJC_RUNTIME = NO;
				CODE_SIGN_IDENTITY = "";
				COMBINE_HIDPI_IMAGES = YES;
				CONFIGURATION_BUILD_DIR = "$(PROJECT_DIR)/build/$(CONFIGURATION)";
				COPY_PHASE_STRIP = NO;
				DEPLOYMENT_LOCATION = YES;
				DSTROOT = /;
				GCC_DYNAMIC_NO_PIC = NO;
				GCC_OPTIMIZATION_LEVEL = 0;
				GCC_PREPROCESSOR_DEFINITIONS = (
					"_DEBUG=1",
					"DEBUG=1",
					"JUCER_XCODE_MAC_F6D2F4CF=1",
					"JUCE_APP_VERSION=1.0.0",
					"JUCE_APP_VERSION_HEX=0x10000",
					"JucePlugin_Build_VST=0",
					"JucePlugin_Build_VST3=1",
					"JucePlugin_Build_AU=0",
					"JucePlugin_Build_AUv3=0",
					"JucePlugin_Build_RTAS=0",
					"JucePlugin_Build_AAX=0",
					"JucePlugin_Build_Standalone=0",
					"JucePlugin_Build_Unity=0",
				);
				GCC_VERSION = com.apple.compilers.llvm.clang.1_0;
				GENERATE_PKGINFO_FILE = YES;
				HEADER_SEARCH_PATHS = (
					"/Applications/JUCE/modules/juce_audio_processors/format_types/VST3_SDK",
					"../../JuceLibraryCode",
					"/Applications/JUCE/modules",
					"/Applications/JUCE/modules/juce_audio_plugin_client",
					"$(inherited)",
				);
				INFOPLIST_FILE = Info-VST3.plist;
				INFOPLIST_PREPROCESS = NO;
				INSTALL_PATH = "$(HOME)/Library/Audio/Plug-Ins/VST3/";
				LIBRARY_STYLE = Bundle;
				MACOSX_DEPLOYMENT_TARGET = 10.11;
				OTHER_LDFLAGS = "-bundle -lrorschach_synth";
				PRODUCT_BUNDLE_IDENTIFIER = com.andersonjudkislee.rorschach_synth;
				PRODUCT_NAME = "rorschach_synth";
				USE_HEADERMAP = NO;
				WRAPPER_EXTENSION = vst3;
			};
			name = Debug;
		};
		F415D3129CEDD6C5FAF28852 = {
			isa = XCBuildConfiguration;
			buildSettings = {
				CLANG_CXX_LANGUAGE_STANDARD = "c++14";
				CLANG_CXX_LIBRARY = "libc++";
				CLANG_LINK_OBJC_RUNTIME = NO;
				CODE_SIGN_IDENTITY = "";
				COMBINE_HIDPI_IMAGES = YES;
				CONFIGURATION_BUILD_DIR = "$(PROJECT_DIR)/build/$(CONFIGURATION)";
				DEAD_CODE_STRIPPING = YES;
				DEPLOYMENT_LOCATION = YES;
				DSTROOT = /;
				GCC_GENERATE_DEBUGGING_SYMBOLS = NO;
				GCC_OPTIMIZATION_LEVEL = 3;
				GCC_PREPROCESSOR_DEFINITIONS = (
					"_NDEBUG=1",
					"NDEBUG=1",
					"JUCER_XCODE_MAC_F6D2F4CF=1",
					"JUCE_APP_VERSION=1.0.0",
					"JUCE_APP_VERSION_HEX=0x10000",
					"JucePlugin_Build_VST=0",
					"JucePlugin_Build_VST3=1",
					"JucePlugin_Build_AU=0",
					"JucePlugin_Build_AUv3=0",
					"JucePlugin_Build_RTAS=0",
					"JucePlugin_Build_AAX=0",
					"JucePlugin_Build_Standalone=0",
					"JucePlugin_Build_Unity=0",
				);
				GCC_SYMBOLS_PRIVATE_EXTERN = YES;
				GCC_VERSION = com.apple.compilers.llvm.clang.1_0;
				GENERATE_PKGINFO_FILE = YES;
				HEADER_SEARCH_PATHS = (
					"/Applications/JUCE/modules/juce_audio_processors/format_types/VST3_SDK",
					"../../JuceLibraryCode",
					"/Applications/JUCE/modules",
					"/Applications/JUCE/modules/juce_audio_plugin_client",
					"$(inherited)",
				);
				INFOPLIST_FILE = Info-VST3.plist;
				INFOPLIST_PREPROCESS = NO;
				INSTALL_PATH = "$(HOME)/Library/Audio/Plug-Ins/VST3/";
				LIBRARY_STYLE = Bundle;
				LLVM_LTO = YES;
				MACOSX_DEPLOYMENT_TARGET = 10.11;
				OTHER_LDFLAGS = "-bundle -lrorschach_synth";
				PRODUCT_BUNDLE_IDENTIFIER = com.andersonjudkislee.rorschach_synth;
				PRODUCT_NAME = "rorschach_synth";
				USE_HEADERMAP = NO;
				WRAPPER_EXTENSION = vst3;
			};
			name = Release;
		};
		47C8CE8BF3ACB5EAB59EEAAB = {
			isa = XCBuildConfiguration;
			buildSettings = {
				CLANG_CXX_LANGUAGE_STANDARD = "c++14";
				CLANG_CXX_LIBRARY = "libc++";
				CLANG_LINK_OBJC_RUNTIME = NO;
				CODE_SIGN_IDENTITY = "";
				COMBINE_HIDPI_IMAGES = YES;
				CONFIGURATION_BUILD_DIR = "$(PROJECT_DIR)/build/$(CONFIGURATION)";
				COPY_PHASE_STRIP = NO;
				DEPLOYMENT_LOCATION = YES;
				DSTROOT = /;
				GCC_DYNAMIC_NO_PIC = NO;
				GCC_OPTIMIZATION_LEVEL = 0;
				GCC_PREPROCESSOR_DEFINITIONS = (
					"_DEBUG=1",
					"DEBUG=1",
					"JUCER_XCODE_MAC_F6D2F4CF=1",
					"JUCE_APP_VERSION=1.0.0",
					"JUCE_APP_VERSION_HEX=0x10000",
					"JucePlugin_Build_VST=0",
					"JucePlugin_Build_VST3=0",
					"JucePlugin_Build_AU=1",
					"JucePlugin_Build_AUv3=0",
					"JucePlugin_Build_RTAS=0",
					"JucePlugin_Build_AAX=0",
					"JucePlugin_Build_Standalone=0",
					"JucePlugin_Build_Unity=0",
				);
				GCC_VERSION = com.apple.compilers.llvm.clang.1_0;
				GENERATE_PKGINFO_FILE = YES;
				HEADER_SEARCH_PATHS = (
					"/Applications/JUCE/modules/juce_audio_processors/format_types/VST3_SDK",
					"../../JuceLibraryCode",
					"/Applications/JUCE/modules",
					"/Applications/JUCE/modules/juce_audio_plugin_client",
					"$(inherited)",
				);
				INFOPLIST_FILE = Info-AU.plist;
				INFOPLIST_PREPROCESS = NO;
				INSTALL_PATH = "$(HOME)/Library/Audio/Plug-Ins/Components/";
				LIBRARY_STYLE = Bundle;
				MACOSX_DEPLOYMENT_TARGET = 10.11;
				OTHER_LDFLAGS = "-bundle -lrorschach_synth";
				OTHER_REZFLAGS = "-d ppc_$ppc -d i386_$i386 -d ppc64_$ppc64 -d x86_64_$x86_64 -I /System/Library/Frameworks/CoreServices.framework/Frameworks/CarbonCore.framework/Versions/A/Headers -I \"$(DEVELOPER_DIR)/Extras/CoreAudio/AudioUnits/AUPublic/AUBase\" -I \"$(DEVELOPER_DIR)/Platforms/MacOSX.platform/Developer/SDKs/MacOSX.sdk/System/Library/Frameworks/AudioUnit.framework/Headers\"";
				PRODUCT_BUNDLE_IDENTIFIER = com.andersonjudkislee.rorschach_synth;
				PRODUCT_NAME = "rorschach_synth";
				USE_HEADERMAP = NO;
				WRAPPER_EXTENSION = component;
			};
			name = Debug;
		};
		ECF12389AF03B94189E9989F = {
			isa = XCBuildConfiguration;
			buildSettings = {
				CLANG_CXX_LANGUAGE_STANDARD = "c++14";
				CLANG_CXX_LIBRARY = "libc++";
				CLANG_LINK_OBJC_RUNTIME = NO;
				CODE_SIGN_IDENTITY = "";
				COMBINE_HIDPI_IMAGES = YES;
				CONFIGURATION_BUILD_DIR = "$(PROJECT_DIR)/build/$(CONFIGURATION)";
				DEAD_CODE_STRIPPING = YES;
				DEPLOYMENT_LOCATION = YES;
				DSTROOT = /;
				GCC_GENERATE_DEBUGGING_SYMBOLS = NO;
				GCC_OPTIMIZATION_LEVEL = 3;
				GCC_PREPROCESSOR_DEFINITIONS = (
					"_NDEBUG=1",
					"NDEBUG=1",
					"JUCER_XCODE_MAC_F6D2F4CF=1",
					"JUCE_APP_VERSION=1.0.0",
					"JUCE_APP_VERSION_HEX=0x10000",
					"JucePlugin_Build_VST=0",
					"JucePlugin_Build_VST3=0",
					"JucePlugin_Build_AU=1",
					"JucePlugin_Build_AUv3=0",
					"JucePlugin_Build_RTAS=0",
					"JucePlugin_Build_AAX=0",
					"JucePlugin_Build_Standalone=0",
					"JucePlugin_Build_Unity=0",
				);
				GCC_SYMBOLS_PRIVATE_EXTERN = YES;
				GCC_VERSION = com.apple.compilers.llvm.clang.1_0;
				GENERATE_PKGINFO_FILE = YES;
				HEADER_SEARCH_PATHS = (
					"/Applications/JUCE/modules/juce_audio_processors/format_types/VST3_SDK",
					"../../JuceLibraryCode",
					"/Applications/JUCE/modules",
					"/Applications/JUCE/modules/juce_audio_plugin_client",
					"$(inherited)",
				);
				INFOPLIST_FILE = Info-AU.plist;
				INFOPLIST_PREPROCESS = NO;
				INSTALL_PATH = "$(HOME)/Library/Audio/Plug-Ins/Components/";
				LIBRARY_STYLE = Bundle;
				LLVM_LTO = YES;
				MACOSX_DEPLOYMENT_TARGET = 10.11;
				OTHER_LDFLAGS = "-bundle -lrorschach_synth";
				OTHER_REZFLAGS = "-d ppc_$ppc -d i386_$i386 -d ppc64_$ppc64 -d x86_64_$x86_64 -I /System/Library/Frameworks/CoreServices.framework/Frameworks/CarbonCore.framework/Versions/A/Headers -I \"$(DEVELOPER_DIR)/Extras/CoreAudio/AudioUnits/AUPublic/AUBase\" -I \"$(DEVELOPER_DIR)/Platforms/MacOSX.platform/Developer/SDKs/MacOSX.sdk/System/Library/Frameworks/AudioUnit.framework/Headers\"";
				PRODUCT_BUNDLE_IDENTIFIER = com.andersonjudkislee.rorschach_synth;
				PRODUCT_NAME = "rorschach_synth";
				USE_HEADERMAP = NO;
				WRAPPER_EXTENSION = component;
			};
			name = Release;
		};
		EA64DB93A0E7FD977258FB6A = {
			isa = XCBuildConfiguration;
			buildSettings = {
				CLANG_CXX_LANGUAGE_STANDARD = "c++14";
				CLANG_CXX_LIBRARY = "libc++";
				CLANG_LINK_OBJC_RUNTIME = NO;
				CODE_SIGN_IDENTITY = "";
				COMBINE_HIDPI_IMAGES = YES;
				CONFIGURATION_BUILD_DIR = "$(PROJECT_DIR)/build/$(CONFIGURATION)";
				COPY_PHASE_STRIP = NO;
				GCC_DYNAMIC_NO_PIC = NO;
				GCC_OPTIMIZATION_LEVEL = 0;
				GCC_PREPROCESSOR_DEFINITIONS = (
					"_DEBUG=1",
					"DEBUG=1",
					"JUCER_XCODE_MAC_F6D2F4CF=1",
					"JUCE_APP_VERSION=1.0.0",
					"JUCE_APP_VERSION_HEX=0x10000",
					"JucePlugin_Build_VST=0",
					"JucePlugin_Build_VST3=0",
					"JucePlugin_Build_AU=0",
					"JucePlugin_Build_AUv3=0",
					"JucePlugin_Build_RTAS=0",
					"JucePlugin_Build_AAX=0",
					"JucePlugin_Build_Standalone=1",
					"JucePlugin_Build_Unity=0",
				);
				GCC_VERSION = com.apple.compilers.llvm.clang.1_0;
				HEADER_SEARCH_PATHS = (
					"/Applications/JUCE/modules/juce_audio_processors/format_types/VST3_SDK",
					"../../JuceLibraryCode",
					"/Applications/JUCE/modules",
					"/Applications/JUCE/modules/juce_audio_plugin_client",
					"$(inherited)",
				);
				INFOPLIST_FILE = Info-Standalone_Plugin.plist;
				INFOPLIST_PREPROCESS = NO;
				MACOSX_DEPLOYMENT_TARGET = 10.11;
				OTHER_LDFLAGS = "-lrorschach_synth";
				PRODUCT_BUNDLE_IDENTIFIER = com.andersonjudkislee.rorschach_synth;
				PRODUCT_NAME = "rorschach_synth";
				USE_HEADERMAP = NO;
			};
			name = Debug;
		};
		461E7B2BFC33A62B0BE4FF50 = {
			isa = XCBuildConfiguration;
			buildSettings = {
				CLANG_CXX_LANGUAGE_STANDARD = "c++14";
				CLANG_CXX_LIBRARY = "libc++";
				CLANG_LINK_OBJC_RUNTIME = NO;
				CODE_SIGN_IDENTITY = "";
				COMBINE_HIDPI_IMAGES = YES;
				CONFIGURATION_BUILD_DIR = "$(PROJECT_DIR)/build/$(CONFIGURATION)";
				DEAD_CODE_STRIPPING = YES;
				GCC_GENERATE_DEBUGGING_SYMBOLS = NO;
				GCC_OPTIMIZATION_LEVEL = 3;
				GCC_PREPROCESSOR_DEFINITIONS = (
					"_NDEBUG=1",
					"NDEBUG=1",
					"JUCER_XCODE_MAC_F6D2F4CF=1",
					"JUCE_APP_VERSION=1.0.0",
					"JUCE_APP_VERSION_HEX=0x10000",
					"JucePlugin_Build_VST=0",
					"JucePlugin_Build_VST3=0",
					"JucePlugin_Build_AU=0",
					"JucePlugin_Build_AUv3=0",
					"JucePlugin_Build_RTAS=0",
					"JucePlugin_Build_AAX=0",
					"JucePlugin_Build_Standalone=1",
					"JucePlugin_Build_Unity=0",
				);
				GCC_SYMBOLS_PRIVATE_EXTERN = YES;
				GCC_VERSION = com.apple.compilers.llvm.clang.1_0;
				HEADER_SEARCH_PATHS = (
					"/Applications/JUCE/modules/juce_audio_processors/format_types/VST3_SDK",
					"../../JuceLibraryCode",
					"/Applications/JUCE/modules",
					"/Applications/JUCE/modules/juce_audio_plugin_client",
					"$(inherited)",
				);
				INFOPLIST_FILE = Info-Standalone_Plugin.plist;
				INFOPLIST_PREPROCESS = NO;
				LLVM_LTO = YES;
				MACOSX_DEPLOYMENT_TARGET = 10.11;
				OTHER_LDFLAGS = "-lrorschach_synth";
				PRODUCT_BUNDLE_IDENTIFIER = com.andersonjudkislee.rorschach_synth;
				PRODUCT_NAME = "rorschach_synth";
				USE_HEADERMAP = NO;
			};
			name = Release;
		};
		FE34BB42E587FFB4D9A3029C = {
			isa = XCBuildConfiguration;
			buildSettings = {
				CLANG_CXX_LANGUAGE_STANDARD = "c++14";
				CLANG_CXX_LIBRARY = "libc++";
				CLANG_LINK_OBJC_RUNTIME = NO;
				CODE_SIGN_IDENTITY = "";
				COMBINE_HIDPI_IMAGES = YES;
				CONFIGURATION_BUILD_DIR = "$(PROJECT_DIR)/build/$(CONFIGURATION)";
				COPY_PHASE_STRIP = NO;
				GCC_DYNAMIC_NO_PIC = NO;
				GCC_OPTIMIZATION_LEVEL = 0;
				GCC_PREPROCESSOR_DEFINITIONS = (
					"_DEBUG=1",
					"DEBUG=1",
					"JUCER_XCODE_MAC_F6D2F4CF=1",
					"JUCE_APP_VERSION=1.0.0",
					"JUCE_APP_VERSION_HEX=0x10000",
					"JucePlugin_Build_VST=0",
					"JucePlugin_Build_VST3=1",
					"JucePlugin_Build_AU=1",
					"JucePlugin_Build_AUv3=0",
					"JucePlugin_Build_RTAS=0",
					"JucePlugin_Build_AAX=0",
					"JucePlugin_Build_Standalone=1",
					"JucePlugin_Build_Unity=0",
					"JUCE_SHARED_CODE=1",
				);
				GCC_VERSION = com.apple.compilers.llvm.clang.1_0;
				HEADER_SEARCH_PATHS = (
					"/Applications/JUCE/modules/juce_audio_processors/format_types/VST3_SDK",
					"../../JuceLibraryCode",
					"/Applications/JUCE/modules",
					"/Applications/JUCE/modules/juce_audio_plugin_client",
					"$(inherited)",
				);
				INSTALL_PATH = "@executable_path/../Frameworks";
				MACOSX_DEPLOYMENT_TARGET = 10.11;
				PRODUCT_BUNDLE_IDENTIFIER = com.andersonjudkislee.rorschach_synth;
				PRODUCT_NAME = "rorschach_synth";
				SKIP_INSTALL = YES;
				USE_HEADERMAP = NO;
			};
			name = Debug;
		};
		C15B6244390283686BA07F1E = {
			isa = XCBuildConfiguration;
			buildSettings = {
				CLANG_CXX_LANGUAGE_STANDARD = "c++14";
				CLANG_CXX_LIBRARY = "libc++";
				CLANG_LINK_OBJC_RUNTIME = NO;
				CODE_SIGN_IDENTITY = "";
				COMBINE_HIDPI_IMAGES = YES;
				CONFIGURATION_BUILD_DIR = "$(PROJECT_DIR)/build/$(CONFIGURATION)";
				DEAD_CODE_STRIPPING = YES;
				GCC_GENERATE_DEBUGGING_SYMBOLS = NO;
				GCC_OPTIMIZATION_LEVEL = 3;
				GCC_PREPROCESSOR_DEFINITIONS = (
					"_NDEBUG=1",
					"NDEBUG=1",
					"JUCER_XCODE_MAC_F6D2F4CF=1",
					"JUCE_APP_VERSION=1.0.0",
					"JUCE_APP_VERSION_HEX=0x10000",
					"JucePlugin_Build_VST=0",
					"JucePlugin_Build_VST3=1",
					"JucePlugin_Build_AU=1",
					"JucePlugin_Build_AUv3=0",
					"JucePlugin_Build_RTAS=0",
					"JucePlugin_Build_AAX=0",
					"JucePlugin_Build_Standalone=1",
					"JucePlugin_Build_Unity=0",
					"JUCE_SHARED_CODE=1",
				);
				GCC_SYMBOLS_PRIVATE_EXTERN = YES;
				GCC_VERSION = com.apple.compilers.llvm.clang.1_0;
				HEADER_SEARCH_PATHS = (
					"/Applications/JUCE/modules/juce_audio_processors/format_types/VST3_SDK",
					"../../JuceLibraryCode",
					"/Applications/JUCE/modules",
					"/Applications/JUCE/modules/juce_audio_plugin_client",
					"$(inherited)",
				);
				INSTALL_PATH = "@executable_path/../Frameworks";
				LLVM_LTO = YES;
				MACOSX_DEPLOYMENT_TARGET = 10.11;
				PRODUCT_BUNDLE_IDENTIFIER = com.andersonjudkislee.rorschach_synth;
				PRODUCT_NAME = "rorschach_synth";
				SKIP_INSTALL = YES;
				USE_HEADERMAP = NO;
			};
			name = Release;
		};
		6CADF402281F34B52BC57BD1 = {
			isa = XCBuildConfiguration;
			buildSettings = {
				ALWAYS_SEARCH_USER_PATHS = NO;
				CLANG_ENABLE_OBJC_WEAK = YES;
				CLANG_WARN_BLOCK_CAPTURE_AUTORELEASING = YES;
				CLANG_WARN_BOOL_CONVERSION = YES;
				CLANG_WARN_COMMA = YES;
				CLANG_WARN_CONSTANT_CONVERSION = YES;
				CLANG_WARN_DEPRECATED_OBJC_IMPLEMENTATIONS = YES;
				CLANG_WARN_EMPTY_BODY = YES;
				CLANG_WARN_ENUM_CONVERSION = YES;
				CLANG_WARN_INFINITE_RECURSION = YES;
				CLANG_WARN_INT_CONVERSION = YES;
				CLANG_WARN_NON_LITERAL_NULL_CONVERSION = YES;
				CLANG_WARN_OBJC_IMPLICIT_RETAIN_SELF = YES;
				CLANG_WARN_OBJC_LITERAL_CONVERSION = YES;
				CLANG_WARN_RANGE_LOOP_ANALYSIS = YES;
				CLANG_WARN_STRICT_PROTOTYPES = YES;
				CLANG_WARN_SUSPICIOUS_MOVE = YES;
				CLANG_WARN_UNREACHABLE_CODE = YES;
				CLANG_WARN__DUPLICATE_METHOD_MATCH = YES;
				CODE_SIGN_IDENTITY = "";
				DEBUG_INFORMATION_FORMAT = dwarf;
				ENABLE_STRICT_OBJC_MSGSEND = YES;
				ENABLE_TESTABILITY = YES;
				GCC_C_LANGUAGE_STANDARD = c11;
				GCC_INLINES_ARE_PRIVATE_EXTERN = YES;
				GCC_MODEL_TUNING = G5;
				GCC_NO_COMMON_BLOCKS = YES;
				GCC_WARN_64_TO_32_BIT_CONVERSION = YES;
				GCC_WARN_ABOUT_RETURN_TYPE = YES;
				GCC_WARN_CHECK_SWITCH_STATEMENTS = YES;
				GCC_WARN_MISSING_PARENTHESES = YES;
				GCC_WARN_NON_VIRTUAL_DESTRUCTOR = YES;
				GCC_WARN_TYPECHECK_CALLS_TO_PRINTF = YES;
				GCC_WARN_UNDECLARED_SELECTOR = YES;
				GCC_WARN_UNINITIALIZED_AUTOS = YES;
				GCC_WARN_UNUSED_FUNCTION = YES;
				GCC_WARN_UNUSED_VARIABLE = YES;
				ONLY_ACTIVE_ARCH = YES;
				PRODUCT_NAME = "rorschach_synth";
				WARNING_CFLAGS = "-Wreorder";
				ZERO_LINK = NO;
			};
			name = Debug;
		};
		A03FC3F7166E8114B483745A = {
			isa = XCBuildConfiguration;
			buildSettings = {
				ALWAYS_SEARCH_USER_PATHS = NO;
				CLANG_ENABLE_OBJC_WEAK = YES;
				CLANG_WARN_BLOCK_CAPTURE_AUTORELEASING = YES;
				CLANG_WARN_BOOL_CONVERSION = YES;
				CLANG_WARN_COMMA = YES;
				CLANG_WARN_CONSTANT_CONVERSION = YES;
				CLANG_WARN_DEPRECATED_OBJC_IMPLEMENTATIONS = YES;
				CLANG_WARN_EMPTY_BODY = YES;
				CLANG_WARN_ENUM_CONVERSION = YES;
				CLANG_WARN_INFINITE_RECURSION = YES;
				CLANG_WARN_INT_CONVERSION = YES;
				CLANG_WARN_NON_LITERAL_NULL_CONVERSION = YES;
				CLANG_WARN_OBJC_IMPLICIT_RETAIN_SELF = YES;
				CLANG_WARN_OBJC_LITERAL_CONVERSION = YES;
				CLANG_WARN_RANGE_LOOP_ANALYSIS = YES;
				CLANG_WARN_STRICT_PROTOTYPES = YES;
				CLANG_WARN_SUSPICIOUS_MOVE = YES;
				CLANG_WARN_UNREACHABLE_CODE = YES;
				CLANG_WARN__DUPLICATE_METHOD_MATCH = YES;
				CODE_SIGN_IDENTITY = "";
				DEBUG_INFORMATION_FORMAT = dwarf;
				ENABLE_STRICT_OBJC_MSGSEND = YES;
				GCC_C_LANGUAGE_STANDARD = c11;
				GCC_INLINES_ARE_PRIVATE_EXTERN = YES;
				GCC_MODEL_TUNING = G5;
				GCC_NO_COMMON_BLOCKS = YES;
				GCC_WARN_64_TO_32_BIT_CONVERSION = YES;
				GCC_WARN_ABOUT_RETURN_TYPE = YES;
				GCC_WARN_CHECK_SWITCH_STATEMENTS = YES;
				GCC_WARN_MISSING_PARENTHESES = YES;
				GCC_WARN_NON_VIRTUAL_DESTRUCTOR = YES;
				GCC_WARN_TYPECHECK_CALLS_TO_PRINTF = YES;
				GCC_WARN_UNDECLARED_SELECTOR = YES;
				GCC_WARN_UNINITIALIZED_AUTOS = YES;
				GCC_WARN_UNUSED_FUNCTION = YES;
				GCC_WARN_UNUSED_VARIABLE = YES;
				PRODUCT_NAME = "rorschach_synth";
				WARNING_CFLAGS = "-Wreorder";
				ZERO_LINK = NO;
			};
			name = Release;
		};
		9C53CAACC3D647D1B765EED5 = {
			isa = PBXTargetDependency;
			target = C5574E7FD046E8D06E862E33;
		};
		3B2AAB34854B1D617D87DC15 = {
			isa = PBXTargetDependency;
			target = A89BF9C4D36494F27425900B;
		};
		66E1859A9CB7645DF11E2D87 = {
			isa = PBXTargetDependency;
			target = 78206FC57E00EB32F8DE511B;
		};
		4C489F8428A0F31D5780A690 = {
			isa = PBXTargetDependency;
			target = D638FD5BC429DC04EB4A15E5;
		};
		6F6679126718145C2DAA511F = {
			isa = XCConfigurationList;
			buildConfigurations = (
				6CADF402281F34B52BC57BD1,
				A03FC3F7166E8114B483745A,
			);
			defaultConfigurationIsVisible = 0;
			defaultConfigurationName = Debug;
		};
		62FF9AA3A6012E55846C6E03 = {
			isa = XCConfigurationList;
			buildConfigurations = (
				CF48D2E06FB27438486EA41A,
				0B47DE8C4CCB7605A0613628,
			);
			defaultConfigurationIsVisible = 0;
			defaultConfigurationName = Debug;
		};
		6E2E275A430BD4CACF9FD5BA = {
			isa = PBXAggregateTarget;
			buildConfigurationList = 62FF9AA3A6012E55846C6E03;
			buildPhases = ( );
			buildRules = ( );
			dependencies = (
				9C53CAACC3D647D1B765EED5,
				3B2AAB34854B1D617D87DC15,
				66E1859A9CB7645DF11E2D87,
				4C489F8428A0F31D5780A690,
			);
			name = "rorschach_synth - All";
			productName = "rorschach_synth";
		};
		C31ECEA110A23EAE2E07A273 = {
			isa = XCConfigurationList;
			buildConfigurations = (
				1DBB1008F169CFB61A461577,
				F415D3129CEDD6C5FAF28852,
			);
			defaultConfigurationIsVisible = 0;
			defaultConfigurationName = Debug;
		};
		5C6BADD48C3926A184A354CC = {
			isa = PBXResourcesBuildPhase;
			buildActionMask = 2147483647;
			files = (
				E225DA80F1D250F5822CB6C7,
			);
			runOnlyForDeploymentPostprocessing = 0;
		};
		6FF80D19B13C189A4E795AB3 = {
			isa = PBXSourcesBuildPhase;
			buildActionMask = 2147483647;
			files = (
				7DEFDC95525F4CBD6C113342,
			);
			runOnlyForDeploymentPostprocessing = 0;
		};
		B891BE1B218237F6C4A90108 = {
			isa = PBXFrameworksBuildPhase;
			buildActionMask = 2147483647;
			files = (
				037B3D3D8F4D02239BBC2B95,
				14FE6C05F1BF04F05E215260,
				AC60B396A4DA606590789573,
				7878689D62624F00922EC69E,
				8D076A7AA68D62DCE17C5CB8,
				B1F91D1C49418E1F1E7AACEC,
				EBD14151AF53199E29EDC09A,
				1319EB2DB46A11ABD62606B7,
				F99FE05AF5110ABEE9684FC3,
				BB18F559822EE5AA9DC4A682,
				FB9C8F249255F03AD19E82F7,
				87004B29486729A2B863CF21,
			);
			runOnlyForDeploymentPostprocessing = 0;
		};
		C5574E7FD046E8D06E862E33 = {
			isa = PBXNativeTarget;
			buildConfigurationList = C31ECEA110A23EAE2E07A273;
			buildPhases = (
				5C6BADD48C3926A184A354CC,
				6FF80D19B13C189A4E795AB3,
				B891BE1B218237F6C4A90108,
			);
			buildRules = ( );
			dependencies = (
				4C489F8428A0F31D5780A690,
			);
			name = "rorschach_synth - VST3";
			productName = "rorschach_synth";
			productReference = D8B62AC12FB62E1AF3005AF1;
			productType = "com.apple.product-type.bundle";
		};
		05F8BBEDC2894580875840E0 = {
			isa = XCConfigurationList;
			buildConfigurations = (
				47C8CE8BF3ACB5EAB59EEAAB,
				ECF12389AF03B94189E9989F,
			);
			defaultConfigurationIsVisible = 0;
			defaultConfigurationName = Debug;
		};
		922E6A2BDC338C8F225C7085 = {
			isa = PBXResourcesBuildPhase;
			buildActionMask = 2147483647;
			files = (
				E225DA80F1D250F5822CB6C7,
			);
			runOnlyForDeploymentPostprocessing = 0;
		};
		E1C7A023C262B505734E98A5 = {
			isa = PBXRezBuildPhase;
			buildActionMask = 2147483647;
			files = (
				AF7E6249BF6077CE3B42152F,
			);
			runOnlyForDeploymentPostprocessing = 0;
		};
		1E79B1A77F34905655AF501E = {
			isa = PBXSourcesBuildPhase;
			buildActionMask = 2147483647;
			files = (
				88640B98183FC331EE287656,
				536201F8D6101EF659F15F11,
			);
			runOnlyForDeploymentPostprocessing = 0;
		};
		746A3807B8018857FBB37E71 = {
			isa = PBXFrameworksBuildPhase;
			buildActionMask = 2147483647;
			files = (
				037B3D3D8F4D02239BBC2B95,
				14FE6C05F1BF04F05E215260,
				9FE79FE45AAE010BC0E233AC,
				AC60B396A4DA606590789573,
				7878689D62624F00922EC69E,
				8D076A7AA68D62DCE17C5CB8,
				B1F91D1C49418E1F1E7AACEC,
				EBD14151AF53199E29EDC09A,
				1319EB2DB46A11ABD62606B7,
				F99FE05AF5110ABEE9684FC3,
				BB18F559822EE5AA9DC4A682,
				FB9C8F249255F03AD19E82F7,
				87004B29486729A2B863CF21,
			);
			runOnlyForDeploymentPostprocessing = 0;
		};
		A89BF9C4D36494F27425900B = {
			isa = PBXNativeTarget;
			buildConfigurationList = 05F8BBEDC2894580875840E0;
			buildPhases = (
				922E6A2BDC338C8F225C7085,
				E1C7A023C262B505734E98A5,
				1E79B1A77F34905655AF501E,
				746A3807B8018857FBB37E71,
			);
			buildRules = ( );
			dependencies = (
				4C489F8428A0F31D5780A690,
			);
			name = "rorschach_synth - AU";
			productName = "rorschach_synth";
			productReference = 2EF78E9D3E5E5C123E3D0D57;
			productType = "com.apple.product-type.bundle";
		};
		036741432AFA385F805E8478 = {
			isa = XCConfigurationList;
			buildConfigurations = (
				EA64DB93A0E7FD977258FB6A,
				461E7B2BFC33A62B0BE4FF50,
			);
			defaultConfigurationIsVisible = 0;
			defaultConfigurationName = Debug;
		};
		19C61473DC4C337448A8D5D9 = {
			isa = PBXResourcesBuildPhase;
			buildActionMask = 2147483647;
			files = (
				E225DA80F1D250F5822CB6C7,
			);
			runOnlyForDeploymentPostprocessing = 0;
		};
		14682DA2F177403770089C0B = {
			isa = PBXSourcesBuildPhase;
			buildActionMask = 2147483647;
			files = (
				3C5296DF476CE5C0436B2F02,
			);
			runOnlyForDeploymentPostprocessing = 0;
		};
		D24744E4AB7B5297EBE86175 = {
			isa = PBXFrameworksBuildPhase;
			buildActionMask = 2147483647;
			files = (
				037B3D3D8F4D02239BBC2B95,
				14FE6C05F1BF04F05E215260,
				AC60B396A4DA606590789573,
				7878689D62624F00922EC69E,
				8D076A7AA68D62DCE17C5CB8,
				B1F91D1C49418E1F1E7AACEC,
				EBD14151AF53199E29EDC09A,
				1319EB2DB46A11ABD62606B7,
				F99FE05AF5110ABEE9684FC3,
				BB18F559822EE5AA9DC4A682,
				FB9C8F249255F03AD19E82F7,
				87004B29486729A2B863CF21,
			);
			runOnlyForDeploymentPostprocessing = 0;
		};
		78206FC57E00EB32F8DE511B = {
			isa = PBXNativeTarget;
			buildConfigurationList = 036741432AFA385F805E8478;
			buildPhases = (
				19C61473DC4C337448A8D5D9,
				14682DA2F177403770089C0B,
				D24744E4AB7B5297EBE86175,
			);
			buildRules = ( );
			dependencies = (
				4C489F8428A0F31D5780A690,
			);
			name = "rorschach_synth - Standalone Plugin";
			productName = "rorschach_synth";
			productReference = B1369EAF63185CEAC4F1526E;
			productType = "com.apple.product-type.application";
		};
		57A3256546DDF543373991C7 = {
			isa = XCConfigurationList;
			buildConfigurations = (
				FE34BB42E587FFB4D9A3029C,
				C15B6244390283686BA07F1E,
			);
			defaultConfigurationIsVisible = 0;
			defaultConfigurationName = Debug;
		};
		CC4F7F1642891D21911C3CFD = {
			isa = PBXSourcesBuildPhase;
			buildActionMask = 2147483647;
			files = (
				4E6083C1F100852FA0977AE8,
				87B9D2B278FDCFFF9D51562E,
				7DC2BB61CEB0315F4E0E508B,
				A40D71DB644292AEC2C8EBEE,
				A946541D224DDB7B277D97C8,
				92713A84013D770BE2501190,
				97DD164A0CB5D22D059E8721,
				91F4058C3592A5DE2AE0D0CD,
				02321C337F501F3DE94737B8,
				A00745C1C327D90346353980,
				9AB229136BD928BD09939B7A,
				ED39D7478DADF880A271A28C,
				B1AEF1D3642AB9DF0677911C,
				B6BD0ED70DF6EC8EF91B8D2D,
				FA496F236D7510680EE19504,
				BF4D97C3BD19323AF306E2F6,
				D890FBABDEE2E9F3A9621AA7,
			);
			runOnlyForDeploymentPostprocessing = 0;
		};
		D638FD5BC429DC04EB4A15E5 = {
			isa = PBXNativeTarget;
			buildConfigurationList = 57A3256546DDF543373991C7;
			buildPhases = (
				CC4F7F1642891D21911C3CFD,
			);
			buildRules = ( );
			dependencies = ( );
			name = "rorschach_synth - Shared Code";
			productName = "rorschach_synth";
			productReference = 3C86D69BD422844BAF8572AC;
			productType = "com.apple.product-type.library.static";
		};
		C116127B5410AEFA380D3066 = {
			isa = PBXProject;
			buildConfigurationList = 6F6679126718145C2DAA511F;
			attributes = { LastUpgradeCheck = 1100; ORGANIZATIONNAME = "anderson-judkis-lee"; TargetAttributes = { 6E2E275A430BD4CACF9FD5BA = { SystemCapabilities = {com.apple.ApplicationGroups.iOS = { enabled = 0; }; com.apple.InAppPurchase = { enabled = 0; }; com.apple.InterAppAudio = { enabled = 0; }; com.apple.Push = { enabled = 0; }; com.apple.Sandbox = { enabled = 0; }; com.apple.HardenedRuntime = { enabled = 0; }; }; };C5574E7FD046E8D06E862E33 = { SystemCapabilities = {com.apple.ApplicationGroups.iOS = { enabled = 0; }; com.apple.InAppPurchase = { enabled = 0; }; com.apple.InterAppAudio = { enabled = 0; }; com.apple.Push = { enabled = 0; }; com.apple.Sandbox = { enabled = 0; }; com.apple.HardenedRuntime = { enabled = 0; }; }; };A89BF9C4D36494F27425900B = { SystemCapabilities = {com.apple.ApplicationGroups.iOS = { enabled = 0; }; com.apple.InAppPurchase = { enabled = 0; }; com.apple.InterAppAudio = { enabled = 0; }; com.apple.Push = { enabled = 0; }; com.apple.Sandbox = { enabled = 0; }; com.apple.HardenedRuntime = { enabled = 0; }; }; };78206FC57E00EB32F8DE511B = { SystemCapabilities = {com.apple.ApplicationGroups.iOS = { enabled = 0; }; com.apple.InAppPurchase = { enabled = 0; }; com.apple.InterAppAudio = { enabled = 0; }; com.apple.Push = { enabled = 0; }; com.apple.Sandbox = { enabled = 0; }; com.apple.HardenedRuntime = { enabled = 0; }; }; };D638FD5BC429DC04EB4A15E5 = { SystemCapabilities = {com.apple.ApplicationGroups.iOS = { enabled = 0; }; com.apple.InAppPurchase = { enabled = 0; }; com.apple.InterAppAudio = { enabled = 0; }; com.apple.Push = { enabled = 0; }; com.apple.Sandbox = { enabled = 0; }; com.apple.HardenedRuntime = { enabled = 0; }; }; }; }; };
			compatibilityVersion = "Xcode 3.2";
			hasScannedForEncodings = 0;
			mainGroup = A7AAE14603F0AAD9C1291AF6;
			projectDirPath = "";
			projectRoot = "";
			targets = (6E2E275A430BD4CACF9FD5BA, C5574E7FD046E8D06E862E33, A89BF9C4D36494F27425900B, 78206FC57E00EB32F8DE511B, D638FD5BC429DC04EB4A15E5);
			knownRegions = (en, Base);
		};
	};
	rootObject = C116127B5410AEFA380D3066;
}
